
Microsoft Visual Studio Solution File, Format Version 12.00
# Visual Studio Version 17
VisualStudioVersion = 17.3.32901.215
MinimumVisualStudioVersion = 10.0.40219.1
Project("{FAE04EC0-301F-11D3-BF4B-00C04F79EFBC}") = "ezhednevnik", "ezhednevnik\ezhednevnik.csproj", "{C7051FBB-CF10-48BA-8E92-55E5925FCAFA}"
EndProject
Global
	GlobalSection(SolutionConfigurationPlatforms) = preSolution
		Debug|Any CPU = Debug|Any CPU
		Release|Any CPU = Release|Any CPU
	EndGlobalSection
	GlobalSection(ProjectConfigurationPlatforms) = postSolution
		{C7051FBB-CF10-48BA-8E92-55E5925FCAFA}.Debug|Any CPU.ActiveCfg = Debug|Any CPU
		{C7051FBB-CF10-48BA-8E92-55E5925FCAFA}.Debug|Any CPU.Build.0 = Debug|Any CPU
		{C7051FBB-CF10-48BA-8E92-55E5925FCAFA}.Release|Any CPU.ActiveCfg = Release|Any CPU
		{C7051FBB-CF10-48BA-8E92-55E5925FCAFA}.Release|Any CPU.Build.0 = Release|Any CPU
	EndGlobalSection
	GlobalSection(SolutionProperties) = preSolution
		HideSolutionNode = FALSE
	EndGlobalSection
	GlobalSection(ExtensibilityGlobals) = postSolution
		SolutionGuid = {4EB34C98-7D52-433E-9904-4CD617304787}
	EndGlobalSection
EndGlobal
